
Microsoft Visual Studio Solution File, Format Version 12.00
# Visual Studio 15
VisualStudioVersion = 15.0.26730.12
MinimumVisualStudioVersion = 10.0.40219.1
Project("{F184B08F-C81C-45F6-A57F-5ABD9991F28F}") = "Two-Day Package Shipping", "Two-Day Package Shipping\Two-Day Package Shipping.vbproj", "{C476E9C5-3DBC-4AB8-916A-DD49A5154C22}"
EndProject
Global
	GlobalSection(SolutionConfigurationPlatforms) = preSolution
		Debug|Any CPU = Debug|Any CPU
		Release|Any CPU = Release|Any CPU
	EndGlobalSection
	GlobalSection(ProjectConfigurationPlatforms) = postSolution
		{C476E9C5-3DBC-4AB8-916A-DD49A5154C22}.Debug|Any CPU.ActiveCfg = Debug|Any CPU
		{C476E9C5-3DBC-4AB8-916A-DD49A5154C22}.Debug|Any CPU.Build.0 = Debug|Any CPU
		{C476E9C5-3DBC-4AB8-916A-DD49A5154C22}.Release|Any CPU.ActiveCfg = Release|Any CPU
		{C476E9C5-3DBC-4AB8-916A-DD49A5154C22}.Release|Any CPU.Build.0 = Release|Any CPU
	EndGlobalSection
	GlobalSection(SolutionProperties) = preSolution
		HideSolutionNode = FALSE
	EndGlobalSection
	GlobalSection(ExtensibilityGlobals) = postSolution
		SolutionGuid = {C0FD0971-EF7B-4515-87DF-5F8A544F1577}
	EndGlobalSection
EndGlobal
