
Microsoft Visual Studio Solution File, Format Version 12.00
# Visual Studio 15
VisualStudioVersion = 15.0.26730.12
MinimumVisualStudioVersion = 10.0.40219.1
Project("{F184B08F-C81C-45F6-A57F-5ABD9991F28F}") = "hotel room selection", "hotel room selection\hotel room selection.vbproj", "{79FA1845-15B6-4654-9AFE-5459133180FA}"
EndProject
Global
	GlobalSection(SolutionConfigurationPlatforms) = preSolution
		Debug|Any CPU = Debug|Any CPU
		Release|Any CPU = Release|Any CPU
	EndGlobalSection
	GlobalSection(ProjectConfigurationPlatforms) = postSolution
		{79FA1845-15B6-4654-9AFE-5459133180FA}.Debug|Any CPU.ActiveCfg = Debug|Any CPU
		{79FA1845-15B6-4654-9AFE-5459133180FA}.Debug|Any CPU.Build.0 = Debug|Any CPU
		{79FA1845-15B6-4654-9AFE-5459133180FA}.Release|Any CPU.ActiveCfg = Release|Any CPU
		{79FA1845-15B6-4654-9AFE-5459133180FA}.Release|Any CPU.Build.0 = Release|Any CPU
	EndGlobalSection
	GlobalSection(SolutionProperties) = preSolution
		HideSolutionNode = FALSE
	EndGlobalSection
	GlobalSection(ExtensibilityGlobals) = postSolution
		SolutionGuid = {67E36694-4F1D-49E0-8518-2CB749CD149F}
	EndGlobalSection
EndGlobal
